
Microsoft Visual Studio Solution File, Format Version 12.00
# Visual Studio 15
VisualStudioVersion = 15.0.28307.1082
MinimumVisualStudioVersion = 10.0.40219.1
Project("{FAE04EC0-301F-11D3-BF4B-00C04F79EFBC}") = "CourseWork", "CourseWork\CourseWork.csproj", "{106652CF-7089-42DA-AF6E-7917038AED1A}"
EndProject
Project("{2150E333-8FDC-42A3-9474-1A3956D46DE8}") = "images", "images", "{75A2FFE7-7002-464E-94CE-D39BE413416B}"
	ProjectSection(SolutionItems) = preProject
		Icon1.ico = Icon1.ico
		stop.png = stop.png
	EndProjectSection
EndProject
Global
	GlobalSection(SolutionConfigurationPlatforms) = preSolution
		Debug|Any CPU = Debug|Any CPU
		Release|Any CPU = Release|Any CPU
	EndGlobalSection
	GlobalSection(ProjectConfigurationPlatforms) = postSolution
		{106652CF-7089-42DA-AF6E-7917038AED1A}.Debug|Any CPU.ActiveCfg = Debug|Any CPU
		{106652CF-7089-42DA-AF6E-7917038AED1A}.Debug|Any CPU.Build.0 = Debug|Any CPU
		{106652CF-7089-42DA-AF6E-7917038AED1A}.Release|Any CPU.ActiveCfg = Release|Any CPU
		{106652CF-7089-42DA-AF6E-7917038AED1A}.Release|Any CPU.Build.0 = Release|Any CPU
	EndGlobalSection
	GlobalSection(SolutionProperties) = preSolution
		HideSolutionNode = FALSE
	EndGlobalSection
	GlobalSection(ExtensibilityGlobals) = postSolution
		SolutionGuid = {5E7B6817-9240-40D4-8A43-632727FC3242}
	EndGlobalSection
EndGlobal
